
Microsoft Visual Studio Solution File, Format Version 12.00
# Visual Studio Version 16
VisualStudioVersion = 16.0.33801.447
MinimumVisualStudioVersion = 10.0.40219.1
Project("{FAE04EC0-301F-11D3-BF4B-00C04F79EFBC}") = "profiling_management", "profiling_management.csproj", "{885F8AA2-8142-489D-B0C8-0AE155C92617}"
EndProject
Global
	GlobalSection(SolutionConfigurationPlatforms) = preSolution
		Debug|Any CPU = Debug|Any CPU
		Release|Any CPU = Release|Any CPU
	EndGlobalSection
	GlobalSection(ProjectConfigurationPlatforms) = postSolution
		{885F8AA2-8142-489D-B0C8-0AE155C92617}.Debug|Any CPU.ActiveCfg = Debug|Any CPU
		{885F8AA2-8142-489D-B0C8-0AE155C92617}.Debug|Any CPU.Build.0 = Debug|Any CPU
		{885F8AA2-8142-489D-B0C8-0AE155C92617}.Release|Any CPU.ActiveCfg = Release|Any CPU
		{885F8AA2-8142-489D-B0C8-0AE155C92617}.Release|Any CPU.Build.0 = Release|Any CPU
	EndGlobalSection
	GlobalSection(SolutionProperties) = preSolution
		HideSolutionNode = FALSE
	EndGlobalSection
	GlobalSection(ExtensibilityGlobals) = postSolution
		SolutionGuid = {03029194-4206-469E-9F40-A3C0410982F6}
	EndGlobalSection
EndGlobal
